
Microsoft Visual Studio Solution File, Format Version 12.00
# Visual Studio Version 16
VisualStudioVersion = 16.0.31424.327
MinimumVisualStudioVersion = 10.0.40219.1
Project("{9A19103F-16F7-4668-BE54-9A1E7A4F7556}") = "Ages", "ConsoleApp3\Ages.csproj", "{8A137A28-0C33-4FE9-B172-916151EC623E}"
EndProject
Project("{9A19103F-16F7-4668-BE54-9A1E7A4F7556}") = "Division", "02.Division\Division.csproj", "{C0DF261F-E8C5-4742-A138-C88A55DAE649}"
EndProject
Project("{9A19103F-16F7-4668-BE54-9A1E7A4F7556}") = "Vacation", "03.Vacation\Vacation.csproj", "{ECD17D9C-79AD-44A1-AA6A-A672AB89BB4F}"
EndProject
Project("{9A19103F-16F7-4668-BE54-9A1E7A4F7556}") = "PrintAndSum", "04.PrintAndSum\PrintAndSum.csproj", "{0297649F-E3A6-49E9-BCA5-4E521DCA34A3}"
EndProject
Project("{9A19103F-16F7-4668-BE54-9A1E7A4F7556}") = "Login", "05.Login\Login.csproj", "{4C403625-C1B8-4853-99B4-EC3689239C72}"
EndProject
Project("{9A19103F-16F7-4668-BE54-9A1E7A4F7556}") = "StrongNumber", "06.StrongNumber\StrongNumber.csproj", "{34D2A5C0-AAB1-4095-814F-E91A2B6687D2}"
EndProject
Project("{9A19103F-16F7-4668-BE54-9A1E7A4F7556}") = "VendingMachine", "07.VendingMachine\VendingMachine.csproj", "{91FD9088-DB4A-46DE-80F1-6CBB16AA259D}"
EndProject
Project("{9A19103F-16F7-4668-BE54-9A1E7A4F7556}") = "TriangleOfNumbers", "08.TriangleOfNumbers\TriangleOfNumbers.csproj", "{1E822F94-C460-42AC-AC0C-E117F2379D11}"
EndProject
Project("{9A19103F-16F7-4668-BE54-9A1E7A4F7556}") = "PadwanEquipment", "09.PadwanEquipment\PadwanEquipment.csproj", "{81ED32AF-3F76-48DA-BA0F-3ABBCCB1C972}"
EndProject
Project("{9A19103F-16F7-4668-BE54-9A1E7A4F7556}") = "RageExpenses", "10.RageExpenses\RageExpenses.csproj", "{F18D24B6-071C-4090-845C-B9782B0EF822}"
EndProject
Global
	GlobalSection(SolutionConfigurationPlatforms) = preSolution
		Debug|Any CPU = Debug|Any CPU
		Release|Any CPU = Release|Any CPU
	EndGlobalSection
	GlobalSection(ProjectConfigurationPlatforms) = postSolution
		{8A137A28-0C33-4FE9-B172-916151EC623E}.Debug|Any CPU.ActiveCfg = Debug|Any CPU
		{8A137A28-0C33-4FE9-B172-916151EC623E}.Debug|Any CPU.Build.0 = Debug|Any CPU
		{8A137A28-0C33-4FE9-B172-916151EC623E}.Release|Any CPU.ActiveCfg = Release|Any CPU
		{8A137A28-0C33-4FE9-B172-916151EC623E}.Release|Any CPU.Build.0 = Release|Any CPU
		{C0DF261F-E8C5-4742-A138-C88A55DAE649}.Debug|Any CPU.ActiveCfg = Debug|Any CPU
		{C0DF261F-E8C5-4742-A138-C88A55DAE649}.Debug|Any CPU.Build.0 = Debug|Any CPU
		{C0DF261F-E8C5-4742-A138-C88A55DAE649}.Release|Any CPU.ActiveCfg = Release|Any CPU
		{C0DF261F-E8C5-4742-A138-C88A55DAE649}.Release|Any CPU.Build.0 = Release|Any CPU
		{ECD17D9C-79AD-44A1-AA6A-A672AB89BB4F}.Debug|Any CPU.ActiveCfg = Debug|Any CPU
		{ECD17D9C-79AD-44A1-AA6A-A672AB89BB4F}.Debug|Any CPU.Build.0 = Debug|Any CPU
		{ECD17D9C-79AD-44A1-AA6A-A672AB89BB4F}.Release|Any CPU.ActiveCfg = Release|Any CPU
		{ECD17D9C-79AD-44A1-AA6A-A672AB89BB4F}.Release|Any CPU.Build.0 = Release|Any CPU
		{0297649F-E3A6-49E9-BCA5-4E521DCA34A3}.Debug|Any CPU.ActiveCfg = Debug|Any CPU
		{0297649F-E3A6-49E9-BCA5-4E521DCA34A3}.Debug|Any CPU.Build.0 = Debug|Any CPU
		{0297649F-E3A6-49E9-BCA5-4E521DCA34A3}.Release|Any CPU.ActiveCfg = Release|Any CPU
		{0297649F-E3A6-49E9-BCA5-4E521DCA34A3}.Release|Any CPU.Build.0 = Release|Any CPU
		{4C403625-C1B8-4853-99B4-EC3689239C72}.Debug|Any CPU.ActiveCfg = Debug|Any CPU
		{4C403625-C1B8-4853-99B4-EC3689239C72}.Debug|Any CPU.Build.0 = Debug|Any CPU
		{4C403625-C1B8-4853-99B4-EC3689239C72}.Release|Any CPU.ActiveCfg = Release|Any CPU
		{4C403625-C1B8-4853-99B4-EC3689239C72}.Release|Any CPU.Build.0 = Release|Any CPU
		{34D2A5C0-AAB1-4095-814F-E91A2B6687D2}.Debug|Any CPU.ActiveCfg = Debug|Any CPU
		{34D2A5C0-AAB1-4095-814F-E91A2B6687D2}.Debug|Any CPU.Build.0 = Debug|Any CPU
		{34D2A5C0-AAB1-4095-814F-E91A2B6687D2}.Release|Any CPU.ActiveCfg = Release|Any CPU
		{34D2A5C0-AAB1-4095-814F-E91A2B6687D2}.Release|Any CPU.Build.0 = Release|Any CPU
		{91FD9088-DB4A-46DE-80F1-6CBB16AA259D}.Debug|Any CPU.ActiveCfg = Debug|Any CPU
		{91FD9088-DB4A-46DE-80F1-6CBB16AA259D}.Debug|Any CPU.Build.0 = Debug|Any CPU
		{91FD9088-DB4A-46DE-80F1-6CBB16AA259D}.Release|Any CPU.ActiveCfg = Release|Any CPU
		{91FD9088-DB4A-46DE-80F1-6CBB16AA259D}.Release|Any CPU.Build.0 = Release|Any CPU
		{1E822F94-C460-42AC-AC0C-E117F2379D11}.Debug|Any CPU.ActiveCfg = Debug|Any CPU
		{1E822F94-C460-42AC-AC0C-E117F2379D11}.Debug|Any CPU.Build.0 = Debug|Any CPU
		{1E822F94-C460-42AC-AC0C-E117F2379D11}.Release|Any CPU.ActiveCfg = Release|Any CPU
		{1E822F94-C460-42AC-AC0C-E117F2379D11}.Release|Any CPU.Build.0 = Release|Any CPU
		{81ED32AF-3F76-48DA-BA0F-3ABBCCB1C972}.Debug|Any CPU.ActiveCfg = Debug|Any CPU
		{81ED32AF-3F76-48DA-BA0F-3ABBCCB1C972}.Debug|Any CPU.Build.0 = Debug|Any CPU
		{81ED32AF-3F76-48DA-BA0F-3ABBCCB1C972}.Release|Any CPU.ActiveCfg = Release|Any CPU
		{81ED32AF-3F76-48DA-BA0F-3ABBCCB1C972}.Release|Any CPU.Build.0 = Release|Any CPU
		{F18D24B6-071C-4090-845C-B9782B0EF822}.Debug|Any CPU.ActiveCfg = Debug|Any CPU
		{F18D24B6-071C-4090-845C-B9782B0EF822}.Debug|Any CPU.Build.0 = Debug|Any CPU
		{F18D24B6-071C-4090-845C-B9782B0EF822}.Release|Any CPU.ActiveCfg = Release|Any CPU
		{F18D24B6-071C-4090-845C-B9782B0EF822}.Release|Any CPU.Build.0 = Release|Any CPU
	EndGlobalSection
	GlobalSection(SolutionProperties) = preSolution
		HideSolutionNode = FALSE
	EndGlobalSection
	GlobalSection(ExtensibilityGlobals) = postSolution
		SolutionGuid = {0709EF99-D539-4A00-BEF0-89EF80D0D1A8}
	EndGlobalSection
EndGlobal
