
Microsoft Visual Studio Solution File, Format Version 12.00
# Visual Studio Version 16
VisualStudioVersion = 16.0.31624.102
MinimumVisualStudioVersion = 10.0.40219.1
Project("{9A19103F-16F7-4668-BE54-9A1E7A4F7556}") = "01.ReverseStrings", "01.ReverseStrings\01.ReverseStrings.csproj", "{CF35350B-BDAA-4D45-B37C-341B1955E7F9}"
EndProject
Project("{9A19103F-16F7-4668-BE54-9A1E7A4F7556}") = "02.RepeatStrings", "02.RepeatStrings\02.RepeatStrings.csproj", "{08490C9E-F3E0-433A-B2F6-0324A825B694}"
EndProject
Project("{9A19103F-16F7-4668-BE54-9A1E7A4F7556}") = "03.Substring", "03.Substring\03.Substring.csproj", "{30688906-90CF-40EA-808B-E3973BAFAF17}"
EndProject
Project("{9A19103F-16F7-4668-BE54-9A1E7A4F7556}") = "04.TextFilter", "04.TextFilter\04.TextFilter.csproj", "{D3047308-C17A-488B-9407-EDF0539222A7}"
EndProject
Project("{9A19103F-16F7-4668-BE54-9A1E7A4F7556}") = "05.DigitsLettersAndOthers", "05.DigitsLettersAndOthers\05.DigitsLettersAndOthers.csproj", "{933FEFE4-282D-4D46-BD09-AFBA7A796B7D}"
EndProject
Global
	GlobalSection(SolutionConfigurationPlatforms) = preSolution
		Debug|Any CPU = Debug|Any CPU
		Release|Any CPU = Release|Any CPU
	EndGlobalSection
	GlobalSection(ProjectConfigurationPlatforms) = postSolution
		{CF35350B-BDAA-4D45-B37C-341B1955E7F9}.Debug|Any CPU.ActiveCfg = Debug|Any CPU
		{CF35350B-BDAA-4D45-B37C-341B1955E7F9}.Debug|Any CPU.Build.0 = Debug|Any CPU
		{CF35350B-BDAA-4D45-B37C-341B1955E7F9}.Release|Any CPU.ActiveCfg = Release|Any CPU
		{CF35350B-BDAA-4D45-B37C-341B1955E7F9}.Release|Any CPU.Build.0 = Release|Any CPU
		{08490C9E-F3E0-433A-B2F6-0324A825B694}.Debug|Any CPU.ActiveCfg = Debug|Any CPU
		{08490C9E-F3E0-433A-B2F6-0324A825B694}.Debug|Any CPU.Build.0 = Debug|Any CPU
		{08490C9E-F3E0-433A-B2F6-0324A825B694}.Release|Any CPU.ActiveCfg = Release|Any CPU
		{08490C9E-F3E0-433A-B2F6-0324A825B694}.Release|Any CPU.Build.0 = Release|Any CPU
		{30688906-90CF-40EA-808B-E3973BAFAF17}.Debug|Any CPU.ActiveCfg = Debug|Any CPU
		{30688906-90CF-40EA-808B-E3973BAFAF17}.Debug|Any CPU.Build.0 = Debug|Any CPU
		{30688906-90CF-40EA-808B-E3973BAFAF17}.Release|Any CPU.ActiveCfg = Release|Any CPU
		{30688906-90CF-40EA-808B-E3973BAFAF17}.Release|Any CPU.Build.0 = Release|Any CPU
		{D3047308-C17A-488B-9407-EDF0539222A7}.Debug|Any CPU.ActiveCfg = Debug|Any CPU
		{D3047308-C17A-488B-9407-EDF0539222A7}.Debug|Any CPU.Build.0 = Debug|Any CPU
		{D3047308-C17A-488B-9407-EDF0539222A7}.Release|Any CPU.ActiveCfg = Release|Any CPU
		{D3047308-C17A-488B-9407-EDF0539222A7}.Release|Any CPU.Build.0 = Release|Any CPU
		{933FEFE4-282D-4D46-BD09-AFBA7A796B7D}.Debug|Any CPU.ActiveCfg = Debug|Any CPU
		{933FEFE4-282D-4D46-BD09-AFBA7A796B7D}.Debug|Any CPU.Build.0 = Debug|Any CPU
		{933FEFE4-282D-4D46-BD09-AFBA7A796B7D}.Release|Any CPU.ActiveCfg = Release|Any CPU
		{933FEFE4-282D-4D46-BD09-AFBA7A796B7D}.Release|Any CPU.Build.0 = Release|Any CPU
	EndGlobalSection
	GlobalSection(SolutionProperties) = preSolution
		HideSolutionNode = FALSE
	EndGlobalSection
	GlobalSection(ExtensibilityGlobals) = postSolution
		SolutionGuid = {B07A020D-914C-4B46-B05D-5D2023166662}
	EndGlobalSection
EndGlobal
