
Microsoft Visual Studio Solution File, Format Version 12.00
# Visual Studio Version 16
VisualStudioVersion = 16.0.31624.102
MinimumVisualStudioVersion = 10.0.40219.1
Project("{FAE04EC0-301F-11D3-BF4B-00C04F79EFBC}") = "01.ExtractPersonalInformation", "01.ExtractPersonalInformation\01.ExtractPersonalInformation.csproj", "{26E5063A-8457-4D11-971C-F97924FB6BC7}"
EndProject
Project("{FAE04EC0-301F-11D3-BF4B-00C04F79EFBC}") = "02.AsciiSumator", "02.AsciiSumator\02.AsciiSumator.csproj", "{0A98A7FE-F6AB-4FD0-82C9-AA78AC2AD069}"
EndProject
Project("{FAE04EC0-301F-11D3-BF4B-00C04F79EFBC}") = "03.TreasureFinder", "03.TreasureFinder\03.TreasureFinder.csproj", "{84F87616-B958-4C36-B691-69DAEA1B4849}"
EndProject
Project("{FAE04EC0-301F-11D3-BF4B-00C04F79EFBC}") = "05.MorseCodeTranslator", "05.MorseCodeTranslator\05.MorseCodeTranslator.csproj", "{40C64B4B-174B-4B36-8C6D-F55653F0C516}"
EndProject
Project("{FAE04EC0-301F-11D3-BF4B-00C04F79EFBC}") = "06.HTML", "06.HTML\06.HTML.csproj", "{96E3D749-83B4-4D9B-9B8B-C9DABA826111}"
EndProject
Global
	GlobalSection(SolutionConfigurationPlatforms) = preSolution
		Debug|Any CPU = Debug|Any CPU
		Release|Any CPU = Release|Any CPU
	EndGlobalSection
	GlobalSection(ProjectConfigurationPlatforms) = postSolution
		{26E5063A-8457-4D11-971C-F97924FB6BC7}.Debug|Any CPU.ActiveCfg = Debug|Any CPU
		{26E5063A-8457-4D11-971C-F97924FB6BC7}.Debug|Any CPU.Build.0 = Debug|Any CPU
		{26E5063A-8457-4D11-971C-F97924FB6BC7}.Release|Any CPU.ActiveCfg = Release|Any CPU
		{26E5063A-8457-4D11-971C-F97924FB6BC7}.Release|Any CPU.Build.0 = Release|Any CPU
		{0A98A7FE-F6AB-4FD0-82C9-AA78AC2AD069}.Debug|Any CPU.ActiveCfg = Debug|Any CPU
		{0A98A7FE-F6AB-4FD0-82C9-AA78AC2AD069}.Debug|Any CPU.Build.0 = Debug|Any CPU
		{0A98A7FE-F6AB-4FD0-82C9-AA78AC2AD069}.Release|Any CPU.ActiveCfg = Release|Any CPU
		{0A98A7FE-F6AB-4FD0-82C9-AA78AC2AD069}.Release|Any CPU.Build.0 = Release|Any CPU
		{84F87616-B958-4C36-B691-69DAEA1B4849}.Debug|Any CPU.ActiveCfg = Debug|Any CPU
		{84F87616-B958-4C36-B691-69DAEA1B4849}.Debug|Any CPU.Build.0 = Debug|Any CPU
		{84F87616-B958-4C36-B691-69DAEA1B4849}.Release|Any CPU.ActiveCfg = Release|Any CPU
		{84F87616-B958-4C36-B691-69DAEA1B4849}.Release|Any CPU.Build.0 = Release|Any CPU
		{40C64B4B-174B-4B36-8C6D-F55653F0C516}.Debug|Any CPU.ActiveCfg = Debug|Any CPU
		{40C64B4B-174B-4B36-8C6D-F55653F0C516}.Debug|Any CPU.Build.0 = Debug|Any CPU
		{40C64B4B-174B-4B36-8C6D-F55653F0C516}.Release|Any CPU.ActiveCfg = Release|Any CPU
		{40C64B4B-174B-4B36-8C6D-F55653F0C516}.Release|Any CPU.Build.0 = Release|Any CPU
		{96E3D749-83B4-4D9B-9B8B-C9DABA826111}.Debug|Any CPU.ActiveCfg = Debug|Any CPU
		{96E3D749-83B4-4D9B-9B8B-C9DABA826111}.Debug|Any CPU.Build.0 = Debug|Any CPU
		{96E3D749-83B4-4D9B-9B8B-C9DABA826111}.Release|Any CPU.ActiveCfg = Release|Any CPU
		{96E3D749-83B4-4D9B-9B8B-C9DABA826111}.Release|Any CPU.Build.0 = Release|Any CPU
	EndGlobalSection
	GlobalSection(SolutionProperties) = preSolution
		HideSolutionNode = FALSE
	EndGlobalSection
	GlobalSection(ExtensibilityGlobals) = postSolution
		SolutionGuid = {964C8E9E-DDB7-4F96-AA44-7CEC1540DCA3}
	EndGlobalSection
EndGlobal
