
Microsoft Visual Studio Solution File, Format Version 12.00
# Visual Studio Version 16
VisualStudioVersion = 16.0.31424.327
MinimumVisualStudioVersion = 10.0.40219.1
Project("{9A19103F-16F7-4668-BE54-9A1E7A4F7556}") = "DataTypes", "01.DataTypes\DataTypes.csproj", "{CCD66232-CE9C-46E5-A70C-986A078443CF}"
EndProject
Project("{9A19103F-16F7-4668-BE54-9A1E7A4F7556}") = "CenterPoint", "02.CenterPoint\CenterPoint.csproj", "{7FA8E488-309A-40F7-B2E5-6A8483B90502}"
EndProject
Project("{9A19103F-16F7-4668-BE54-9A1E7A4F7556}") = "LongerLine", "03.LongerLine\LongerLine.csproj", "{8F85CAC3-69E6-4401-90D8-C333C51926EC}"
EndProject
Project("{9A19103F-16F7-4668-BE54-9A1E7A4F7556}") = "TribonacciSequence", "04.TribonacciSequence\TribonacciSequence.csproj", "{158A38FF-4E1C-4CEA-9142-922DCDBC31C1}"
EndProject
Project("{9A19103F-16F7-4668-BE54-9A1E7A4F7556}") = "MultiplicationSign", "05.MultiplicationSign\MultiplicationSign.csproj", "{C006283B-94A0-4010-9909-B91D4CD1743B}"
EndProject
Global
	GlobalSection(SolutionConfigurationPlatforms) = preSolution
		Debug|Any CPU = Debug|Any CPU
		Release|Any CPU = Release|Any CPU
	EndGlobalSection
	GlobalSection(ProjectConfigurationPlatforms) = postSolution
		{CCD66232-CE9C-46E5-A70C-986A078443CF}.Debug|Any CPU.ActiveCfg = Debug|Any CPU
		{CCD66232-CE9C-46E5-A70C-986A078443CF}.Debug|Any CPU.Build.0 = Debug|Any CPU
		{CCD66232-CE9C-46E5-A70C-986A078443CF}.Release|Any CPU.ActiveCfg = Release|Any CPU
		{CCD66232-CE9C-46E5-A70C-986A078443CF}.Release|Any CPU.Build.0 = Release|Any CPU
		{7FA8E488-309A-40F7-B2E5-6A8483B90502}.Debug|Any CPU.ActiveCfg = Debug|Any CPU
		{7FA8E488-309A-40F7-B2E5-6A8483B90502}.Debug|Any CPU.Build.0 = Debug|Any CPU
		{7FA8E488-309A-40F7-B2E5-6A8483B90502}.Release|Any CPU.ActiveCfg = Release|Any CPU
		{7FA8E488-309A-40F7-B2E5-6A8483B90502}.Release|Any CPU.Build.0 = Release|Any CPU
		{8F85CAC3-69E6-4401-90D8-C333C51926EC}.Debug|Any CPU.ActiveCfg = Debug|Any CPU
		{8F85CAC3-69E6-4401-90D8-C333C51926EC}.Debug|Any CPU.Build.0 = Debug|Any CPU
		{8F85CAC3-69E6-4401-90D8-C333C51926EC}.Release|Any CPU.ActiveCfg = Release|Any CPU
		{8F85CAC3-69E6-4401-90D8-C333C51926EC}.Release|Any CPU.Build.0 = Release|Any CPU
		{158A38FF-4E1C-4CEA-9142-922DCDBC31C1}.Debug|Any CPU.ActiveCfg = Debug|Any CPU
		{158A38FF-4E1C-4CEA-9142-922DCDBC31C1}.Debug|Any CPU.Build.0 = Debug|Any CPU
		{158A38FF-4E1C-4CEA-9142-922DCDBC31C1}.Release|Any CPU.ActiveCfg = Release|Any CPU
		{158A38FF-4E1C-4CEA-9142-922DCDBC31C1}.Release|Any CPU.Build.0 = Release|Any CPU
		{C006283B-94A0-4010-9909-B91D4CD1743B}.Debug|Any CPU.ActiveCfg = Debug|Any CPU
		{C006283B-94A0-4010-9909-B91D4CD1743B}.Debug|Any CPU.Build.0 = Debug|Any CPU
		{C006283B-94A0-4010-9909-B91D4CD1743B}.Release|Any CPU.ActiveCfg = Release|Any CPU
		{C006283B-94A0-4010-9909-B91D4CD1743B}.Release|Any CPU.Build.0 = Release|Any CPU
	EndGlobalSection
	GlobalSection(SolutionProperties) = preSolution
		HideSolutionNode = FALSE
	EndGlobalSection
	GlobalSection(ExtensibilityGlobals) = postSolution
		SolutionGuid = {05E63CC9-159E-4444-8A66-DD50D82CC243}
	EndGlobalSection
EndGlobal
