
Microsoft Visual Studio Solution File, Format Version 12.00
# Visual Studio Version 16
VisualStudioVersion = 16.0.31424.327
MinimumVisualStudioVersion = 10.0.40219.1
Project("{9A19103F-16F7-4668-BE54-9A1E7A4F7556}") = "EncryptSortAndPrintArrays", "01.EncryptSortAndPrintArrays\EncryptSortAndPrintArrays.csproj", "{792BE5C1-1EFA-4FB0-8274-73115F88BA90}"
EndProject
Project("{9A19103F-16F7-4668-BE54-9A1E7A4F7556}") = "PascalTriangle", "02.PascalTriangle\PascalTriangle.csproj", "{CF963AE3-DB9C-4992-8759-DE710171CF04}"
EndProject
Project("{9A19103F-16F7-4668-BE54-9A1E7A4F7556}") = "RecursiveFibonacci", "3.RecursiveFibonacci\RecursiveFibonacci.csproj", "{0E162006-714F-4164-91E4-F39FB845FB7F}"
EndProject
Project("{9A19103F-16F7-4668-BE54-9A1E7A4F7556}") = "FoldAndSum", "04.FoldAndSum\FoldAndSum.csproj", "{7975C2AD-009B-492D-9930-999A3DD508FF}"
EndProject
Project("{9A19103F-16F7-4668-BE54-9A1E7A4F7556}") = "LongestIncreasingSubsquence", "06.LongestIncreasingSubsquence\LongestIncreasingSubsquence.csproj", "{803D9C70-8CC4-41B3-BD40-F37D903BFD4B}"
EndProject
Global
	GlobalSection(SolutionConfigurationPlatforms) = preSolution
		Debug|Any CPU = Debug|Any CPU
		Release|Any CPU = Release|Any CPU
	EndGlobalSection
	GlobalSection(ProjectConfigurationPlatforms) = postSolution
		{792BE5C1-1EFA-4FB0-8274-73115F88BA90}.Debug|Any CPU.ActiveCfg = Debug|Any CPU
		{792BE5C1-1EFA-4FB0-8274-73115F88BA90}.Debug|Any CPU.Build.0 = Debug|Any CPU
		{792BE5C1-1EFA-4FB0-8274-73115F88BA90}.Release|Any CPU.ActiveCfg = Release|Any CPU
		{792BE5C1-1EFA-4FB0-8274-73115F88BA90}.Release|Any CPU.Build.0 = Release|Any CPU
		{CF963AE3-DB9C-4992-8759-DE710171CF04}.Debug|Any CPU.ActiveCfg = Debug|Any CPU
		{CF963AE3-DB9C-4992-8759-DE710171CF04}.Debug|Any CPU.Build.0 = Debug|Any CPU
		{CF963AE3-DB9C-4992-8759-DE710171CF04}.Release|Any CPU.ActiveCfg = Release|Any CPU
		{CF963AE3-DB9C-4992-8759-DE710171CF04}.Release|Any CPU.Build.0 = Release|Any CPU
		{0E162006-714F-4164-91E4-F39FB845FB7F}.Debug|Any CPU.ActiveCfg = Debug|Any CPU
		{0E162006-714F-4164-91E4-F39FB845FB7F}.Debug|Any CPU.Build.0 = Debug|Any CPU
		{0E162006-714F-4164-91E4-F39FB845FB7F}.Release|Any CPU.ActiveCfg = Release|Any CPU
		{0E162006-714F-4164-91E4-F39FB845FB7F}.Release|Any CPU.Build.0 = Release|Any CPU
		{7975C2AD-009B-492D-9930-999A3DD508FF}.Debug|Any CPU.ActiveCfg = Debug|Any CPU
		{7975C2AD-009B-492D-9930-999A3DD508FF}.Debug|Any CPU.Build.0 = Debug|Any CPU
		{7975C2AD-009B-492D-9930-999A3DD508FF}.Release|Any CPU.ActiveCfg = Release|Any CPU
		{7975C2AD-009B-492D-9930-999A3DD508FF}.Release|Any CPU.Build.0 = Release|Any CPU
		{803D9C70-8CC4-41B3-BD40-F37D903BFD4B}.Debug|Any CPU.ActiveCfg = Debug|Any CPU
		{803D9C70-8CC4-41B3-BD40-F37D903BFD4B}.Debug|Any CPU.Build.0 = Debug|Any CPU
		{803D9C70-8CC4-41B3-BD40-F37D903BFD4B}.Release|Any CPU.ActiveCfg = Release|Any CPU
		{803D9C70-8CC4-41B3-BD40-F37D903BFD4B}.Release|Any CPU.Build.0 = Release|Any CPU
	EndGlobalSection
	GlobalSection(SolutionProperties) = preSolution
		HideSolutionNode = FALSE
	EndGlobalSection
	GlobalSection(ExtensibilityGlobals) = postSolution
		SolutionGuid = {3C6AA82F-FC5E-44B0-B6AD-69D2F11991F0}
	EndGlobalSection
EndGlobal
